
Microsoft Visual Studio Solution File, Format Version 12.00
# Visual Studio Version 17
VisualStudioVersion = 17.0.31903.59
MinimumVisualStudioVersion = 10.0.40219.1
Project("{2150E333-8FDC-42A3-9474-1A3956D46DE8}") = "src", "src", "{827E0CD3-B72D-47B6-A68D-7590B98EB39B}"
EndProject
Project("{FAE04EC0-301F-11D3-BF4B-00C04F79EFBC}") = "Shared", "src\Shared\Shared.csproj", "{D0ADB7CD-985D-47C0-B8FE-4A6E84410662}"
EndProject
Project("{2150E333-8FDC-42A3-9474-1A3956D46DE8}") = "Enrollments", "Enrollments", "{67FA0B5E-1D91-6BF3-FDAB-82E7DF4D74B7}"
EndProject
Project("{2150E333-8FDC-42A3-9474-1A3956D46DE8}") = "Domain", "Domain", "{98243E86-A9B8-A1AF-2F2F-739A1CF4516B}"
EndProject
Project("{FAE04EC0-301F-11D3-BF4B-00C04F79EFBC}") = "Enrollments.Domain", "src\Enrollments\Domain\Enrollments.Domain.csproj", "{BD68C7A5-815F-483B-9D29-8E9B874079E8}"
EndProject
Project("{2150E333-8FDC-42A3-9474-1A3956D46DE8}") = "Application", "Application", "{8510DE33-A443-B2FD-206D-DD00EE581EDB}"
EndProject
Project("{FAE04EC0-301F-11D3-BF4B-00C04F79EFBC}") = "Enrollments.Application", "src\Enrollments\Application\Enrollments.Application.csproj", "{410DD2C5-EC57-464D-AC84-3625EBED9C65}"
EndProject
Project("{2150E333-8FDC-42A3-9474-1A3956D46DE8}") = "Infrastructure", "Infrastructure", "{B960DD38-5F8E-D872-BE0C-559300D49319}"
EndProject
Project("{FAE04EC0-301F-11D3-BF4B-00C04F79EFBC}") = "Enrollments.Infrastructure", "src\Enrollments\Infrastructure\Enrollments.Infrastructure.csproj", "{73415A90-6259-442F-A13B-2BF7A5560037}"
EndProject
Project("{2150E333-8FDC-42A3-9474-1A3956D46DE8}") = "tests", "tests", "{0AB3BF05-4346-4AA6-1389-037BE0695223}"
EndProject
Project("{FAE04EC0-301F-11D3-BF4B-00C04F79EFBC}") = "Enrollments.Tests", "tests\Enrollments.Tests\Enrollments.Tests.csproj", "{DD9CFFC0-88B5-4458-9212-714F713A1813}"
EndProject
Project("{2150E333-8FDC-42A3-9474-1A3956D46DE8}") = "StudentRegistrations", "StudentRegistrations", "{6AE6661A-30C1-8184-29F5-5FE4314E2F9E}"
EndProject
Project("{2150E333-8FDC-42A3-9474-1A3956D46DE8}") = "Domain", "Domain", "{B487BD01-3C7E-7E46-5E8E-913F7B48EF1E}"
EndProject
Project("{FAE04EC0-301F-11D3-BF4B-00C04F79EFBC}") = "StudentRegistrations.Domain", "src\StudentRegistrations\Domain\StudentRegistrations.Domain.csproj", "{1780D472-5063-4E70-B650-7512F41E1417}"
EndProject
Project("{2150E333-8FDC-42A3-9474-1A3956D46DE8}") = "Application", "Application", "{848680C1-FE3B-7D71-B278-7B7CBCAF0B6E}"
EndProject
Project("{FAE04EC0-301F-11D3-BF4B-00C04F79EFBC}") = "StudentRegistrations.Application", "src\StudentRegistrations\Application\StudentRegistrations.Application.csproj", "{5F4549F2-AD9F-4FEA-8DC5-31E8198ED050}"
EndProject
Project("{2150E333-8FDC-42A3-9474-1A3956D46DE8}") = "Infrastructure", "Infrastructure", "{3D8468F5-27A6-1650-C9EE-1E560FBD3424}"
EndProject
Project("{FAE04EC0-301F-11D3-BF4B-00C04F79EFBC}") = "StudentRegistrations.Infrastructure", "src\StudentRegistrations\Infrastructure\StudentRegistrations.Infrastructure.csproj", "{ED96511B-E550-4A7B-BE8A-F21282D35E5B}"
EndProject
Project("{FAE04EC0-301F-11D3-BF4B-00C04F79EFBC}") = "StudentRegistrations.Tests", "tests\StudentRegistrations.Tests\StudentRegistrations.Tests.csproj", "{853B69F3-C099-46EF-B31B-7B4A85EECC0D}"
EndProject
Project("{FAE04EC0-301F-11D3-BF4B-00C04F79EFBC}") = "Api", "src\Api\Api.csproj", "{81AA0E35-C3DF-42AF-A876-5554A86DA305}"
EndProject
Project("{2150E333-8FDC-42A3-9474-1A3956D46DE8}") = "Attendance", "Attendance", "{18FADA6E-A291-AC02-0AB0-8EA3884F7C8F}"
EndProject
Project("{2150E333-8FDC-42A3-9474-1A3956D46DE8}") = "Domain", "Domain", "{4581B0B5-1270-544F-8A46-E49DB803E6E0}"
EndProject
Project("{FAE04EC0-301F-11D3-BF4B-00C04F79EFBC}") = "Attendance.Domain", "src\Attendance\Domain\Attendance.Domain.csproj", "{1F13D1FD-B40F-4032-8FED-C30C30D76EEF}"
EndProject
Project("{FAE04EC0-301F-11D3-BF4B-00C04F79EFBC}") = "Attendance.Application", "src\Attendance\Application\Attendance.Application.csproj", "{F2A67913-A536-4E77-8272-D4F7FB3C1CCC}"
EndProject
Project("{FAE04EC0-301F-11D3-BF4B-00C04F79EFBC}") = "Attendance.Infrastructure", "src\Attendance\Infrastructure\Attendance.Infrastructure.csproj", "{1068C226-37C5-4009-80FA-9375D2D9908F}"
EndProject
Project("{FAE04EC0-301F-11D3-BF4B-00C04F79EFBC}") = "Attendance.Tests", "tests\Attendance.Tests\Attendance.Tests.csproj", "{097EC8E3-57E3-4F06-BF5A-49599765A9F5}"
EndProject
Global
	GlobalSection(SolutionConfigurationPlatforms) = preSolution
		Debug|Any CPU = Debug|Any CPU
		Debug|x64 = Debug|x64
		Debug|x86 = Debug|x86
		Release|Any CPU = Release|Any CPU
		Release|x64 = Release|x64
		Release|x86 = Release|x86
	EndGlobalSection
	GlobalSection(ProjectConfigurationPlatforms) = postSolution
		{D0ADB7CD-985D-47C0-B8FE-4A6E84410662}.Debug|Any CPU.ActiveCfg = Debug|Any CPU
		{D0ADB7CD-985D-47C0-B8FE-4A6E84410662}.Debug|Any CPU.Build.0 = Debug|Any CPU
		{D0ADB7CD-985D-47C0-B8FE-4A6E84410662}.Debug|x64.ActiveCfg = Debug|Any CPU
		{D0ADB7CD-985D-47C0-B8FE-4A6E84410662}.Debug|x64.Build.0 = Debug|Any CPU
		{D0ADB7CD-985D-47C0-B8FE-4A6E84410662}.Debug|x86.ActiveCfg = Debug|Any CPU
		{D0ADB7CD-985D-47C0-B8FE-4A6E84410662}.Debug|x86.Build.0 = Debug|Any CPU
		{D0ADB7CD-985D-47C0-B8FE-4A6E84410662}.Release|Any CPU.ActiveCfg = Release|Any CPU
		{D0ADB7CD-985D-47C0-B8FE-4A6E84410662}.Release|Any CPU.Build.0 = Release|Any CPU
		{D0ADB7CD-985D-47C0-B8FE-4A6E84410662}.Release|x64.ActiveCfg = Release|Any CPU
		{D0ADB7CD-985D-47C0-B8FE-4A6E84410662}.Release|x64.Build.0 = Release|Any CPU
		{D0ADB7CD-985D-47C0-B8FE-4A6E84410662}.Release|x86.ActiveCfg = Release|Any CPU
		{D0ADB7CD-985D-47C0-B8FE-4A6E84410662}.Release|x86.Build.0 = Release|Any CPU
		{BD68C7A5-815F-483B-9D29-8E9B874079E8}.Debug|Any CPU.ActiveCfg = Debug|Any CPU
		{BD68C7A5-815F-483B-9D29-8E9B874079E8}.Debug|Any CPU.Build.0 = Debug|Any CPU
		{BD68C7A5-815F-483B-9D29-8E9B874079E8}.Debug|x64.ActiveCfg = Debug|Any CPU
		{BD68C7A5-815F-483B-9D29-8E9B874079E8}.Debug|x64.Build.0 = Debug|Any CPU
		{BD68C7A5-815F-483B-9D29-8E9B874079E8}.Debug|x86.ActiveCfg = Debug|Any CPU
		{BD68C7A5-815F-483B-9D29-8E9B874079E8}.Debug|x86.Build.0 = Debug|Any CPU
		{BD68C7A5-815F-483B-9D29-8E9B874079E8}.Release|Any CPU.ActiveCfg = Release|Any CPU
		{BD68C7A5-815F-483B-9D29-8E9B874079E8}.Release|Any CPU.Build.0 = Release|Any CPU
		{BD68C7A5-815F-483B-9D29-8E9B874079E8}.Release|x64.ActiveCfg = Release|Any CPU
		{BD68C7A5-815F-483B-9D29-8E9B874079E8}.Release|x64.Build.0 = Release|Any CPU
		{BD68C7A5-815F-483B-9D29-8E9B874079E8}.Release|x86.ActiveCfg = Release|Any CPU
		{BD68C7A5-815F-483B-9D29-8E9B874079E8}.Release|x86.Build.0 = Release|Any CPU
		{410DD2C5-EC57-464D-AC84-3625EBED9C65}.Debug|Any CPU.ActiveCfg = Debug|Any CPU
		{410DD2C5-EC57-464D-AC84-3625EBED9C65}.Debug|Any CPU.Build.0 = Debug|Any CPU
		{410DD2C5-EC57-464D-AC84-3625EBED9C65}.Debug|x64.ActiveCfg = Debug|Any CPU
		{410DD2C5-EC57-464D-AC84-3625EBED9C65}.Debug|x64.Build.0 = Debug|Any CPU
		{410DD2C5-EC57-464D-AC84-3625EBED9C65}.Debug|x86.ActiveCfg = Debug|Any CPU
		{410DD2C5-EC57-464D-AC84-3625EBED9C65}.Debug|x86.Build.0 = Debug|Any CPU
		{410DD2C5-EC57-464D-AC84-3625EBED9C65}.Release|Any CPU.ActiveCfg = Release|Any CPU
		{410DD2C5-EC57-464D-AC84-3625EBED9C65}.Release|Any CPU.Build.0 = Release|Any CPU
		{410DD2C5-EC57-464D-AC84-3625EBED9C65}.Release|x64.ActiveCfg = Release|Any CPU
		{410DD2C5-EC57-464D-AC84-3625EBED9C65}.Release|x64.Build.0 = Release|Any CPU
		{410DD2C5-EC57-464D-AC84-3625EBED9C65}.Release|x86.ActiveCfg = Release|Any CPU
		{410DD2C5-EC57-464D-AC84-3625EBED9C65}.Release|x86.Build.0 = Release|Any CPU
		{73415A90-6259-442F-A13B-2BF7A5560037}.Debug|Any CPU.ActiveCfg = Debug|Any CPU
		{73415A90-6259-442F-A13B-2BF7A5560037}.Debug|Any CPU.Build.0 = Debug|Any CPU
		{73415A90-6259-442F-A13B-2BF7A5560037}.Debug|x64.ActiveCfg = Debug|Any CPU
		{73415A90-6259-442F-A13B-2BF7A5560037}.Debug|x64.Build.0 = Debug|Any CPU
		{73415A90-6259-442F-A13B-2BF7A5560037}.Debug|x86.ActiveCfg = Debug|Any CPU
		{73415A90-6259-442F-A13B-2BF7A5560037}.Debug|x86.Build.0 = Debug|Any CPU
		{73415A90-6259-442F-A13B-2BF7A5560037}.Release|Any CPU.ActiveCfg = Release|Any CPU
		{73415A90-6259-442F-A13B-2BF7A5560037}.Release|Any CPU.Build.0 = Release|Any CPU
		{73415A90-6259-442F-A13B-2BF7A5560037}.Release|x64.ActiveCfg = Release|Any CPU
		{73415A90-6259-442F-A13B-2BF7A5560037}.Release|x64.Build.0 = Release|Any CPU
		{73415A90-6259-442F-A13B-2BF7A5560037}.Release|x86.ActiveCfg = Release|Any CPU
		{73415A90-6259-442F-A13B-2BF7A5560037}.Release|x86.Build.0 = Release|Any CPU
		{DD9CFFC0-88B5-4458-9212-714F713A1813}.Debug|Any CPU.ActiveCfg = Debug|Any CPU
		{DD9CFFC0-88B5-4458-9212-714F713A1813}.Debug|Any CPU.Build.0 = Debug|Any CPU
		{DD9CFFC0-88B5-4458-9212-714F713A1813}.Debug|x64.ActiveCfg = Debug|Any CPU
		{DD9CFFC0-88B5-4458-9212-714F713A1813}.Debug|x64.Build.0 = Debug|Any CPU
		{DD9CFFC0-88B5-4458-9212-714F713A1813}.Debug|x86.ActiveCfg = Debug|Any CPU
		{DD9CFFC0-88B5-4458-9212-714F713A1813}.Debug|x86.Build.0 = Debug|Any CPU
		{DD9CFFC0-88B5-4458-9212-714F713A1813}.Release|Any CPU.ActiveCfg = Release|Any CPU
		{DD9CFFC0-88B5-4458-9212-714F713A1813}.Release|Any CPU.Build.0 = Release|Any CPU
		{DD9CFFC0-88B5-4458-9212-714F713A1813}.Release|x64.ActiveCfg = Release|Any CPU
		{DD9CFFC0-88B5-4458-9212-714F713A1813}.Release|x64.Build.0 = Release|Any CPU
		{DD9CFFC0-88B5-4458-9212-714F713A1813}.Release|x86.ActiveCfg = Release|Any CPU
		{DD9CFFC0-88B5-4458-9212-714F713A1813}.Release|x86.Build.0 = Release|Any CPU
		{1780D472-5063-4E70-B650-7512F41E1417}.Debug|Any CPU.ActiveCfg = Debug|Any CPU
		{1780D472-5063-4E70-B650-7512F41E1417}.Debug|Any CPU.Build.0 = Debug|Any CPU
		{1780D472-5063-4E70-B650-7512F41E1417}.Debug|x64.ActiveCfg = Debug|Any CPU
		{1780D472-5063-4E70-B650-7512F41E1417}.Debug|x64.Build.0 = Debug|Any CPU
		{1780D472-5063-4E70-B650-7512F41E1417}.Debug|x86.ActiveCfg = Debug|Any CPU
		{1780D472-5063-4E70-B650-7512F41E1417}.Debug|x86.Build.0 = Debug|Any CPU
		{1780D472-5063-4E70-B650-7512F41E1417}.Release|Any CPU.ActiveCfg = Release|Any CPU
		{1780D472-5063-4E70-B650-7512F41E1417}.Release|Any CPU.Build.0 = Release|Any CPU
		{1780D472-5063-4E70-B650-7512F41E1417}.Release|x64.ActiveCfg = Release|Any CPU
		{1780D472-5063-4E70-B650-7512F41E1417}.Release|x64.Build.0 = Release|Any CPU
		{1780D472-5063-4E70-B650-7512F41E1417}.Release|x86.ActiveCfg = Release|Any CPU
		{1780D472-5063-4E70-B650-7512F41E1417}.Release|x86.Build.0 = Release|Any CPU
		{5F4549F2-AD9F-4FEA-8DC5-31E8198ED050}.Debug|Any CPU.ActiveCfg = Debug|Any CPU
		{5F4549F2-AD9F-4FEA-8DC5-31E8198ED050}.Debug|Any CPU.Build.0 = Debug|Any CPU
		{5F4549F2-AD9F-4FEA-8DC5-31E8198ED050}.Debug|x64.ActiveCfg = Debug|Any CPU
		{5F4549F2-AD9F-4FEA-8DC5-31E8198ED050}.Debug|x64.Build.0 = Debug|Any CPU
		{5F4549F2-AD9F-4FEA-8DC5-31E8198ED050}.Debug|x86.ActiveCfg = Debug|Any CPU
		{5F4549F2-AD9F-4FEA-8DC5-31E8198ED050}.Debug|x86.Build.0 = Debug|Any CPU
		{5F4549F2-AD9F-4FEA-8DC5-31E8198ED050}.Release|Any CPU.ActiveCfg = Release|Any CPU
		{5F4549F2-AD9F-4FEA-8DC5-31E8198ED050}.Release|Any CPU.Build.0 = Release|Any CPU
		{5F4549F2-AD9F-4FEA-8DC5-31E8198ED050}.Release|x64.ActiveCfg = Release|Any CPU
		{5F4549F2-AD9F-4FEA-8DC5-31E8198ED050}.Release|x64.Build.0 = Release|Any CPU
		{5F4549F2-AD9F-4FEA-8DC5-31E8198ED050}.Release|x86.ActiveCfg = Release|Any CPU
		{5F4549F2-AD9F-4FEA-8DC5-31E8198ED050}.Release|x86.Build.0 = Release|Any CPU
		{ED96511B-E550-4A7B-BE8A-F21282D35E5B}.Debug|Any CPU.ActiveCfg = Debug|Any CPU
		{ED96511B-E550-4A7B-BE8A-F21282D35E5B}.Debug|Any CPU.Build.0 = Debug|Any CPU
		{ED96511B-E550-4A7B-BE8A-F21282D35E5B}.Debug|x64.ActiveCfg = Debug|Any CPU
		{ED96511B-E550-4A7B-BE8A-F21282D35E5B}.Debug|x64.Build.0 = Debug|Any CPU
		{ED96511B-E550-4A7B-BE8A-F21282D35E5B}.Debug|x86.ActiveCfg = Debug|Any CPU
		{ED96511B-E550-4A7B-BE8A-F21282D35E5B}.Debug|x86.Build.0 = Debug|Any CPU
		{ED96511B-E550-4A7B-BE8A-F21282D35E5B}.Release|Any CPU.ActiveCfg = Release|Any CPU
		{ED96511B-E550-4A7B-BE8A-F21282D35E5B}.Release|Any CPU.Build.0 = Release|Any CPU
		{ED96511B-E550-4A7B-BE8A-F21282D35E5B}.Release|x64.ActiveCfg = Release|Any CPU
		{ED96511B-E550-4A7B-BE8A-F21282D35E5B}.Release|x64.Build.0 = Release|Any CPU
		{ED96511B-E550-4A7B-BE8A-F21282D35E5B}.Release|x86.ActiveCfg = Release|Any CPU
		{ED96511B-E550-4A7B-BE8A-F21282D35E5B}.Release|x86.Build.0 = Release|Any CPU
		{853B69F3-C099-46EF-B31B-7B4A85EECC0D}.Debug|Any CPU.ActiveCfg = Debug|Any CPU
		{853B69F3-C099-46EF-B31B-7B4A85EECC0D}.Debug|Any CPU.Build.0 = Debug|Any CPU
		{853B69F3-C099-46EF-B31B-7B4A85EECC0D}.Debug|x64.ActiveCfg = Debug|Any CPU
		{853B69F3-C099-46EF-B31B-7B4A85EECC0D}.Debug|x64.Build.0 = Debug|Any CPU
		{853B69F3-C099-46EF-B31B-7B4A85EECC0D}.Debug|x86.ActiveCfg = Debug|Any CPU
		{853B69F3-C099-46EF-B31B-7B4A85EECC0D}.Debug|x86.Build.0 = Debug|Any CPU
		{853B69F3-C099-46EF-B31B-7B4A85EECC0D}.Release|Any CPU.ActiveCfg = Release|Any CPU
		{853B69F3-C099-46EF-B31B-7B4A85EECC0D}.Release|Any CPU.Build.0 = Release|Any CPU
		{853B69F3-C099-46EF-B31B-7B4A85EECC0D}.Release|x64.ActiveCfg = Release|Any CPU
		{853B69F3-C099-46EF-B31B-7B4A85EECC0D}.Release|x64.Build.0 = Release|Any CPU
		{853B69F3-C099-46EF-B31B-7B4A85EECC0D}.Release|x86.ActiveCfg = Release|Any CPU
		{853B69F3-C099-46EF-B31B-7B4A85EECC0D}.Release|x86.Build.0 = Release|Any CPU
		{81AA0E35-C3DF-42AF-A876-5554A86DA305}.Debug|Any CPU.ActiveCfg = Debug|Any CPU
		{81AA0E35-C3DF-42AF-A876-5554A86DA305}.Debug|Any CPU.Build.0 = Debug|Any CPU
		{81AA0E35-C3DF-42AF-A876-5554A86DA305}.Debug|x64.ActiveCfg = Debug|Any CPU
		{81AA0E35-C3DF-42AF-A876-5554A86DA305}.Debug|x64.Build.0 = Debug|Any CPU
		{81AA0E35-C3DF-42AF-A876-5554A86DA305}.Debug|x86.ActiveCfg = Debug|Any CPU
		{81AA0E35-C3DF-42AF-A876-5554A86DA305}.Debug|x86.Build.0 = Debug|Any CPU
		{81AA0E35-C3DF-42AF-A876-5554A86DA305}.Release|Any CPU.ActiveCfg = Release|Any CPU
		{81AA0E35-C3DF-42AF-A876-5554A86DA305}.Release|Any CPU.Build.0 = Release|Any CPU
		{81AA0E35-C3DF-42AF-A876-5554A86DA305}.Release|x64.ActiveCfg = Release|Any CPU
		{81AA0E35-C3DF-42AF-A876-5554A86DA305}.Release|x64.Build.0 = Release|Any CPU
		{81AA0E35-C3DF-42AF-A876-5554A86DA305}.Release|x86.ActiveCfg = Release|Any CPU
		{81AA0E35-C3DF-42AF-A876-5554A86DA305}.Release|x86.Build.0 = Release|Any CPU
		{1F13D1FD-B40F-4032-8FED-C30C30D76EEF}.Debug|Any CPU.ActiveCfg = Debug|Any CPU
		{1F13D1FD-B40F-4032-8FED-C30C30D76EEF}.Debug|Any CPU.Build.0 = Debug|Any CPU
		{1F13D1FD-B40F-4032-8FED-C30C30D76EEF}.Debug|x64.ActiveCfg = Debug|Any CPU
		{1F13D1FD-B40F-4032-8FED-C30C30D76EEF}.Debug|x64.Build.0 = Debug|Any CPU
		{1F13D1FD-B40F-4032-8FED-C30C30D76EEF}.Debug|x86.ActiveCfg = Debug|Any CPU
		{1F13D1FD-B40F-4032-8FED-C30C30D76EEF}.Debug|x86.Build.0 = Debug|Any CPU
		{1F13D1FD-B40F-4032-8FED-C30C30D76EEF}.Release|Any CPU.ActiveCfg = Release|Any CPU
		{1F13D1FD-B40F-4032-8FED-C30C30D76EEF}.Release|Any CPU.Build.0 = Release|Any CPU
		{1F13D1FD-B40F-4032-8FED-C30C30D76EEF}.Release|x64.ActiveCfg = Release|Any CPU
		{1F13D1FD-B40F-4032-8FED-C30C30D76EEF}.Release|x64.Build.0 = Release|Any CPU
		{1F13D1FD-B40F-4032-8FED-C30C30D76EEF}.Release|x86.ActiveCfg = Release|Any CPU
		{1F13D1FD-B40F-4032-8FED-C30C30D76EEF}.Release|x86.Build.0 = Release|Any CPU
		{F2A67913-A536-4E77-8272-D4F7FB3C1CCC}.Debug|Any CPU.ActiveCfg = Debug|Any CPU
		{F2A67913-A536-4E77-8272-D4F7FB3C1CCC}.Debug|Any CPU.Build.0 = Debug|Any CPU
		{F2A67913-A536-4E77-8272-D4F7FB3C1CCC}.Debug|x64.ActiveCfg = Debug|Any CPU
		{F2A67913-A536-4E77-8272-D4F7FB3C1CCC}.Debug|x64.Build.0 = Debug|Any CPU
		{F2A67913-A536-4E77-8272-D4F7FB3C1CCC}.Debug|x86.ActiveCfg = Debug|Any CPU
		{F2A67913-A536-4E77-8272-D4F7FB3C1CCC}.Debug|x86.Build.0 = Debug|Any CPU
		{F2A67913-A536-4E77-8272-D4F7FB3C1CCC}.Release|Any CPU.ActiveCfg = Release|Any CPU
		{F2A67913-A536-4E77-8272-D4F7FB3C1CCC}.Release|Any CPU.Build.0 = Release|Any CPU
		{F2A67913-A536-4E77-8272-D4F7FB3C1CCC}.Release|x64.ActiveCfg = Release|Any CPU
		{F2A67913-A536-4E77-8272-D4F7FB3C1CCC}.Release|x64.Build.0 = Release|Any CPU
		{F2A67913-A536-4E77-8272-D4F7FB3C1CCC}.Release|x86.ActiveCfg = Release|Any CPU
		{F2A67913-A536-4E77-8272-D4F7FB3C1CCC}.Release|x86.Build.0 = Release|Any CPU
		{1068C226-37C5-4009-80FA-9375D2D9908F}.Debug|Any CPU.ActiveCfg = Debug|Any CPU
		{1068C226-37C5-4009-80FA-9375D2D9908F}.Debug|Any CPU.Build.0 = Debug|Any CPU
		{1068C226-37C5-4009-80FA-9375D2D9908F}.Debug|x64.ActiveCfg = Debug|Any CPU
		{1068C226-37C5-4009-80FA-9375D2D9908F}.Debug|x64.Build.0 = Debug|Any CPU
		{1068C226-37C5-4009-80FA-9375D2D9908F}.Debug|x86.ActiveCfg = Debug|Any CPU
		{1068C226-37C5-4009-80FA-9375D2D9908F}.Debug|x86.Build.0 = Debug|Any CPU
		{1068C226-37C5-4009-80FA-9375D2D9908F}.Release|Any CPU.ActiveCfg = Release|Any CPU
		{1068C226-37C5-4009-80FA-9375D2D9908F}.Release|Any CPU.Build.0 = Release|Any CPU
		{1068C226-37C5-4009-80FA-9375D2D9908F}.Release|x64.ActiveCfg = Release|Any CPU
		{1068C226-37C5-4009-80FA-9375D2D9908F}.Release|x64.Build.0 = Release|Any CPU
		{1068C226-37C5-4009-80FA-9375D2D9908F}.Release|x86.ActiveCfg = Release|Any CPU
		{1068C226-37C5-4009-80FA-9375D2D9908F}.Release|x86.Build.0 = Release|Any CPU
		{097EC8E3-57E3-4F06-BF5A-49599765A9F5}.Debug|Any CPU.ActiveCfg = Debug|Any CPU
		{097EC8E3-57E3-4F06-BF5A-49599765A9F5}.Debug|Any CPU.Build.0 = Debug|Any CPU
		{097EC8E3-57E3-4F06-BF5A-49599765A9F5}.Debug|x64.ActiveCfg = Debug|Any CPU
		{097EC8E3-57E3-4F06-BF5A-49599765A9F5}.Debug|x64.Build.0 = Debug|Any CPU
		{097EC8E3-57E3-4F06-BF5A-49599765A9F5}.Debug|x86.ActiveCfg = Debug|Any CPU
		{097EC8E3-57E3-4F06-BF5A-49599765A9F5}.Debug|x86.Build.0 = Debug|Any CPU
		{097EC8E3-57E3-4F06-BF5A-49599765A9F5}.Release|Any CPU.ActiveCfg = Release|Any CPU
		{097EC8E3-57E3-4F06-BF5A-49599765A9F5}.Release|Any CPU.Build.0 = Release|Any CPU
		{097EC8E3-57E3-4F06-BF5A-49599765A9F5}.Release|x64.ActiveCfg = Release|Any CPU
		{097EC8E3-57E3-4F06-BF5A-49599765A9F5}.Release|x64.Build.0 = Release|Any CPU
		{097EC8E3-57E3-4F06-BF5A-49599765A9F5}.Release|x86.ActiveCfg = Release|Any CPU
		{097EC8E3-57E3-4F06-BF5A-49599765A9F5}.Release|x86.Build.0 = Release|Any CPU
	EndGlobalSection
	GlobalSection(SolutionProperties) = preSolution
		HideSolutionNode = FALSE
	EndGlobalSection
	GlobalSection(NestedProjects) = preSolution
		{D0ADB7CD-985D-47C0-B8FE-4A6E84410662} = {827E0CD3-B72D-47B6-A68D-7590B98EB39B}
		{67FA0B5E-1D91-6BF3-FDAB-82E7DF4D74B7} = {827E0CD3-B72D-47B6-A68D-7590B98EB39B}
		{98243E86-A9B8-A1AF-2F2F-739A1CF4516B} = {67FA0B5E-1D91-6BF3-FDAB-82E7DF4D74B7}
		{BD68C7A5-815F-483B-9D29-8E9B874079E8} = {98243E86-A9B8-A1AF-2F2F-739A1CF4516B}
		{8510DE33-A443-B2FD-206D-DD00EE581EDB} = {67FA0B5E-1D91-6BF3-FDAB-82E7DF4D74B7}
		{410DD2C5-EC57-464D-AC84-3625EBED9C65} = {8510DE33-A443-B2FD-206D-DD00EE581EDB}
		{B960DD38-5F8E-D872-BE0C-559300D49319} = {67FA0B5E-1D91-6BF3-FDAB-82E7DF4D74B7}
		{73415A90-6259-442F-A13B-2BF7A5560037} = {B960DD38-5F8E-D872-BE0C-559300D49319}
		{DD9CFFC0-88B5-4458-9212-714F713A1813} = {0AB3BF05-4346-4AA6-1389-037BE0695223}
		{6AE6661A-30C1-8184-29F5-5FE4314E2F9E} = {827E0CD3-B72D-47B6-A68D-7590B98EB39B}
		{B487BD01-3C7E-7E46-5E8E-913F7B48EF1E} = {6AE6661A-30C1-8184-29F5-5FE4314E2F9E}
		{1780D472-5063-4E70-B650-7512F41E1417} = {B487BD01-3C7E-7E46-5E8E-913F7B48EF1E}
		{848680C1-FE3B-7D71-B278-7B7CBCAF0B6E} = {6AE6661A-30C1-8184-29F5-5FE4314E2F9E}
		{5F4549F2-AD9F-4FEA-8DC5-31E8198ED050} = {848680C1-FE3B-7D71-B278-7B7CBCAF0B6E}
		{3D8468F5-27A6-1650-C9EE-1E560FBD3424} = {6AE6661A-30C1-8184-29F5-5FE4314E2F9E}
		{ED96511B-E550-4A7B-BE8A-F21282D35E5B} = {3D8468F5-27A6-1650-C9EE-1E560FBD3424}
		{853B69F3-C099-46EF-B31B-7B4A85EECC0D} = {0AB3BF05-4346-4AA6-1389-037BE0695223}
		{81AA0E35-C3DF-42AF-A876-5554A86DA305} = {827E0CD3-B72D-47B6-A68D-7590B98EB39B}
		{18FADA6E-A291-AC02-0AB0-8EA3884F7C8F} = {827E0CD3-B72D-47B6-A68D-7590B98EB39B}
		{4581B0B5-1270-544F-8A46-E49DB803E6E0} = {18FADA6E-A291-AC02-0AB0-8EA3884F7C8F}
		{1F13D1FD-B40F-4032-8FED-C30C30D76EEF} = {4581B0B5-1270-544F-8A46-E49DB803E6E0}
		{F2A67913-A536-4E77-8272-D4F7FB3C1CCC} = {4581B0B5-1270-544F-8A46-E49DB803E6E0}
		{1068C226-37C5-4009-80FA-9375D2D9908F} = {4581B0B5-1270-544F-8A46-E49DB803E6E0}
		{097EC8E3-57E3-4F06-BF5A-49599765A9F5} = {4581B0B5-1270-544F-8A46-E49DB803E6E0}
	EndGlobalSection
EndGlobal
